
Microsoft Visual Studio Solution File, Format Version 12.00
# Visual Studio 15
VisualStudioVersion = 15.0.28010.2026
MinimumVisualStudioVersion = 10.0.40219.1
Project("{8BC9CEB8-8B4A-11D0-8D11-00A0C91BC942}") = "Invade", "Invade\Invade.vcxproj", "{0AAD901E-545E-4C50-A2C4-A95506F0CCC1}"
EndProject
Global
	GlobalSection(SolutionConfigurationPlatforms) = preSolution
		Debug|x64 = Debug|x64
		Debug|x86 = Debug|x86
		Release|x64 = Release|x64
		Release|x86 = Release|x86
	EndGlobalSection
	GlobalSection(ProjectConfigurationPlatforms) = postSolution
		{0AAD901E-545E-4C50-A2C4-A95506F0CCC1}.Debug|x64.ActiveCfg = Debug|x64
		{0AAD901E-545E-4C50-A2C4-A95506F0CCC1}.Debug|x64.Build.0 = Debug|x64
		{0AAD901E-545E-4C50-A2C4-A95506F0CCC1}.Debug|x86.ActiveCfg = Debug|Win32
		{0AAD901E-545E-4C50-A2C4-A95506F0CCC1}.Debug|x86.Build.0 = Debug|Win32
		{0AAD901E-545E-4C50-A2C4-A95506F0CCC1}.Release|x64.ActiveCfg = Release|x64
		{0AAD901E-545E-4C50-A2C4-A95506F0CCC1}.Release|x64.Build.0 = Release|x64
		{0AAD901E-545E-4C50-A2C4-A95506F0CCC1}.Release|x86.ActiveCfg = Release|Win32
		{0AAD901E-545E-4C50-A2C4-A95506F0CCC1}.Release|x86.Build.0 = Release|Win32
	EndGlobalSection
	GlobalSection(SolutionProperties) = preSolution
		HideSolutionNode = FALSE
	EndGlobalSection
	GlobalSection(ExtensibilityGlobals) = postSolution
		SolutionGuid = {4EE43635-9EAD-45D8-B913-2F0299269EAE}
	EndGlobalSection
EndGlobal
